
Microsoft Visual Studio Solution File, Format Version 12.00
# Visual Studio Version 17
VisualStudioVersion = 17.5.002.0
MinimumVisualStudioVersion = 10.0.40219.1
Project("{9A19103F-16F7-4668-BE54-9A1E7A4F7556}") = "Curity.DbMaint", "Curity.DbMaint.csproj", "{6419FC1D-D000-4F43-ABC2-C34B09D5410E}"
EndProject
Global
	GlobalSection(SolutionConfigurationPlatforms) = preSolution
		Debug|Any CPU = Debug|Any CPU
		Release|Any CPU = Release|Any CPU
	EndGlobalSection
	GlobalSection(ProjectConfigurationPlatforms) = postSolution
		{6419FC1D-D000-4F43-ABC2-C34B09D5410E}.Debug|Any CPU.ActiveCfg = Debug|Any CPU
		{6419FC1D-D000-4F43-ABC2-C34B09D5410E}.Debug|Any CPU.Build.0 = Debug|Any CPU
		{6419FC1D-D000-4F43-ABC2-C34B09D5410E}.Release|Any CPU.ActiveCfg = Release|Any CPU
		{6419FC1D-D000-4F43-ABC2-C34B09D5410E}.Release|Any CPU.Build.0 = Release|Any CPU
	EndGlobalSection
	GlobalSection(SolutionProperties) = preSolution
		HideSolutionNode = FALSE
	EndGlobalSection
	GlobalSection(ExtensibilityGlobals) = postSolution
		SolutionGuid = {19F498C6-3AA3-43DD-A5C1-C3C22FB05557}
	EndGlobalSection
EndGlobal
